// !$*UTF8*$!
{
	archiveVersion = 1;
	classes = {
	};
	objectVersion = 51;
	objects = {

/* Begin PBXBuildFile section */
		BC22DE30F35749525A874B6F /* Pods_BlueOceanTest.framework in Frameworks */ = {isa = PBXBuildFile; fileRef = 799CCAB68B18B54E51CD3255 /* Pods_BlueOceanTest.framework */; };
		BD37A7CB2554169700BADA9F /* AppDelegate.swift in Sources */ = {isa = PBXBuildFile; fileRef = BD37A7CA2554169700BADA9F /* AppDelegate.swift */; };
		BD37A7CD2554169700BADA9F /* SceneDelegate.swift in Sources */ = {isa = PBXBuildFile; fileRef = BD37A7CC2554169700BADA9F /* SceneDelegate.swift */; };
		BD37A7D22554169700BADA9F /* Main.storyboard in Resources */ = {isa = PBXBuildFile; fileRef = BD37A7D02554169700BADA9F /* Main.storyboard */; };
		BD37A7D42554169A00BADA9F /* Assets.xcassets in Resources */ = {isa = PBXBuildFile; fileRef = BD37A7D32554169A00BADA9F /* Assets.xcassets */; };
		BD37A7D72554169A00BADA9F /* LaunchScreen.storyboard in Resources */ = {isa = PBXBuildFile; fileRef = BD37A7D52554169A00BADA9F /* LaunchScreen.storyboard */; };
		BD3FEA6425563EAF009D457F /* UnsplashPhotoModel.swift in Sources */ = {isa = PBXBuildFile; fileRef = BD3FEA6325563EAF009D457F /* UnsplashPhotoModel.swift */; };
		BD3FEA7325564A6E009D457F /* UnsplashPhotoViewModel.swift in Sources */ = {isa = PBXBuildFile; fileRef = BD3FEA7225564A6E009D457F /* UnsplashPhotoViewModel.swift */; };
		BD3FEA7725564FDD009D457F /* UIColor+CustomColor.swift in Sources */ = {isa = PBXBuildFile; fileRef = BD3FEA7625564FDD009D457F /* UIColor+CustomColor.swift */; };
		BD3FEA7F2556738A009D457F /* MainViewController.swift in Sources */ = {isa = PBXBuildFile; fileRef = BD3FEA7E2556738A009D457F /* MainViewController.swift */; };
		BD3FEA8C25568628009D457F /* TableViewCellForUnsplashImage.swift in Sources */ = {isa = PBXBuildFile; fileRef = BD3FEA8A25568628009D457F /* TableViewCellForUnsplashImage.swift */; };
		BD3FEA8D25568628009D457F /* TableViewCellForUnsplashImage.xib in Resources */ = {isa = PBXBuildFile; fileRef = BD3FEA8B25568628009D457F /* TableViewCellForUnsplashImage.xib */; };
		BDA406562557B63C00CFE5D4 /* CustomAnimation.swift in Sources */ = {isa = PBXBuildFile; fileRef = BDA406552557B63C00CFE5D4 /* CustomAnimation.swift */; };
		BDA4065B2557BC2800CFE5D4 /* AnimationButton.swift in Sources */ = {isa = PBXBuildFile; fileRef = BDA4065A2557BC2800CFE5D4 /* AnimationButton.swift */; };
		BDA406602557C02500CFE5D4 /* PanelAnimationController.swift in Sources */ = {isa = PBXBuildFile; fileRef = BDA4065F2557C02500CFE5D4 /* PanelAnimationController.swift */; };
		BDA406632557C1D900CFE5D4 /* SearchViewController.swift in Sources */ = {isa = PBXBuildFile; fileRef = BDA406622557C1D900CFE5D4 /* SearchViewController.swift */; };
		BDA406662557C54000CFE5D4 /* String+FirstLetterCapital.swift in Sources */ = {isa = PBXBuildFile; fileRef = BDA406652557C54000CFE5D4 /* String+FirstLetterCapital.swift */; };
		BDA4066B2557C7DD00CFE5D4 /* CollectionViewCellForUnsplashImage.swift in Sources */ = {isa = PBXBuildFile; fileRef = BDA406692557C7DD00CFE5D4 /* CollectionViewCellForUnsplashImage.swift */; };
		BDA4066C2557C7DD00CFE5D4 /* CollectionViewCellForUnsplashImage.xib in Resources */ = {isa = PBXBuildFile; fileRef = BDA4066A2557C7DD00CFE5D4 /* CollectionViewCellForUnsplashImage.xib */; };
		BDA406702557D48000CFE5D4 /* Toast.swift in Sources */ = {isa = PBXBuildFile; fileRef = BDA4066F2557D48000CFE5D4 /* Toast.swift */; };
		BDA406732557E4E800CFE5D4 /* UnsplashPhotoViewModel+Configure.swift in Sources */ = {isa = PBXBuildFile; fileRef = BDA406722557E4E700CFE5D4 /* UnsplashPhotoViewModel+Configure.swift */; };
		BDFDE475255AA81300549D02 /* UnsplashAPI.swift in Sources */ = {isa = PBXBuildFile; fileRef = BDFDE474255AA81300549D02 /* UnsplashAPI.swift */; };
/* End PBXBuildFile section */

/* Begin PBXFileReference section */
		799CCAB68B18B54E51CD3255 /* Pods_BlueOceanTest.framework */ = {isa = PBXFileReference; explicitFileType = wrapper.framework; includeInIndex = 0; path = Pods_BlueOceanTest.framework; sourceTree = BUILT_PRODUCTS_DIR; };
		A0ED17D65875D1019F8C4C24 /* Pods-BlueOceanTest.debug.xcconfig */ = {isa = PBXFileReference; includeInIndex = 1; lastKnownFileType = text.xcconfig; name = "Pods-BlueOceanTest.debug.xcconfig"; path = "Target Support Files/Pods-BlueOceanTest/Pods-BlueOceanTest.debug.xcconfig"; sourceTree = "<group>"; };
		BD37A7C72554169600BADA9F /* BlueOceanTest.app */ = {isa = PBXFileReference; explicitFileType = wrapper.application; includeInIndex = 0; path = BlueOceanTest.app; sourceTree = BUILT_PRODUCTS_DIR; };
		BD37A7CA2554169700BADA9F /* AppDelegate.swift */ = {isa = PBXFileReference; lastKnownFileType = sourcecode.swift; path = AppDelegate.swift; sourceTree = "<group>"; };
		BD37A7CC2554169700BADA9F /* SceneDelegate.swift */ = {isa = PBXFileReference; lastKnownFileType = sourcecode.swift; path = SceneDelegate.swift; sourceTree = "<group>"; };
		BD37A7D12554169700BADA9F /* Base */ = {isa = PBXFileReference; lastKnownFileType = file.storyboard; name = Base; path = Base.lproj/Main.storyboard; sourceTree = "<group>"; };
		BD37A7D32554169A00BADA9F /* Assets.xcassets */ = {isa = PBXFileReference; lastKnownFileType = folder.assetcatalog; path = Assets.xcassets; sourceTree = "<group>"; };
		BD37A7D62554169A00BADA9F /* Base */ = {isa = PBXFileReference; lastKnownFileType = file.storyboard; name = Base; path = Base.lproj/LaunchScreen.storyboard; sourceTree = "<group>"; };
		BD37A7D82554169A00BADA9F /* Info.plist */ = {isa = PBXFileReference; lastKnownFileType = text.plist.xml; path = Info.plist; sourceTree = "<group>"; };
		BD3FEA6325563EAF009D457F /* UnsplashPhotoModel.swift */ = {isa = PBXFileReference; lastKnownFileType = sourcecode.swift; path = UnsplashPhotoModel.swift; sourceTree = "<group>"; };
		BD3FEA7225564A6E009D457F /* UnsplashPhotoViewModel.swift */ = {isa = PBXFileReference; lastKnownFileType = sourcecode.swift; path = UnsplashPhotoViewModel.swift; sourceTree = "<group>"; };
		BD3FEA7625564FDD009D457F /* UIColor+CustomColor.swift */ = {isa = PBXFileReference; lastKnownFileType = sourcecode.swift; path = "UIColor+CustomColor.swift"; sourceTree = "<group>"; };
		BD3FEA7E2556738A009D457F /* MainViewController.swift */ = {isa = PBXFileReference; lastKnownFileType = sourcecode.swift; path = MainViewController.swift; sourceTree = "<group>"; };
		BD3FEA8A25568628009D457F /* TableViewCellForUnsplashImage.swift */ = {isa = PBXFileReference; lastKnownFileType = sourcecode.swift; path = TableViewCellForUnsplashImage.swift; sourceTree = "<group>"; };
		BD3FEA8B25568628009D457F /* TableViewCellForUnsplashImage.xib */ = {isa = PBXFileReference; lastKnownFileType = file.xib; path = TableViewCellForUnsplashImage.xib; sourceTree = "<group>"; };
		BDA406552557B63C00CFE5D4 /* CustomAnimation.swift */ = {isa = PBXFileReference; lastKnownFileType = sourcecode.swift; path = CustomAnimation.swift; sourceTree = "<group>"; };
		BDA4065A2557BC2800CFE5D4 /* AnimationButton.swift */ = {isa = PBXFileReference; lastKnownFileType = sourcecode.swift; path = AnimationButton.swift; sourceTree = "<group>"; };
		BDA4065F2557C02500CFE5D4 /* PanelAnimationController.swift */ = {isa = PBXFileReference; lastKnownFileType = sourcecode.swift; path = PanelAnimationController.swift; sourceTree = "<group>"; };
		BDA406622557C1D900CFE5D4 /* SearchViewController.swift */ = {isa = PBXFileReference; lastKnownFileType = sourcecode.swift; path = SearchViewController.swift; sourceTree = "<group>"; };
		BDA406652557C54000CFE5D4 /* String+FirstLetterCapital.swift */ = {isa = PBXFileReference; lastKnownFileType = sourcecode.swift; path = "String+FirstLetterCapital.swift"; sourceTree = "<group>"; };
		BDA406692557C7DD00CFE5D4 /* CollectionViewCellForUnsplashImage.swift */ = {isa = PBXFileReference; lastKnownFileType = sourcecode.swift; path = CollectionViewCellForUnsplashImage.swift; sourceTree = "<group>"; };
		BDA4066A2557C7DD00CFE5D4 /* CollectionViewCellForUnsplashImage.xib */ = {isa = PBXFileReference; lastKnownFileType = file.xib; path = CollectionViewCellForUnsplashImage.xib; sourceTree = "<group>"; };
		BDA4066F2557D48000CFE5D4 /* Toast.swift */ = {isa = PBXFileReference; lastKnownFileType = sourcecode.swift; path = Toast.swift; sourceTree = "<group>"; };
		BDA406722557E4E700CFE5D4 /* UnsplashPhotoViewModel+Configure.swift */ = {isa = PBXFileReference; lastKnownFileType = sourcecode.swift; path = "UnsplashPhotoViewModel+Configure.swift"; sourceTree = "<group>"; };
		BDFDE474255AA81300549D02 /* UnsplashAPI.swift */ = {isa = PBXFileReference; lastKnownFileType = sourcecode.swift; path = UnsplashAPI.swift; sourceTree = "<group>"; };
		D6367F52A9E1F7FC557FB4CD /* Pods-BlueOceanTest.release.xcconfig */ = {isa = PBXFileReference; includeInIndex = 1; lastKnownFileType = text.xcconfig; name = "Pods-BlueOceanTest.release.xcconfig"; path = "Target Support Files/Pods-BlueOceanTest/Pods-BlueOceanTest.release.xcconfig"; sourceTree = "<group>"; };
/* End PBXFileReference section */

/* Begin PBXFrameworksBuildPhase section */
		BD37A7C42554169600BADA9F /* Frameworks */ = {
			isa = PBXFrameworksBuildPhase;
			buildActionMask = 2147483647;
			files = (
				BC22DE30F35749525A874B6F /* Pods_BlueOceanTest.framework in Frameworks */,
			);
			runOnlyForDeploymentPostprocessing = 0;
		};
/* End PBXFrameworksBuildPhase section */

/* Begin PBXGroup section */
		1013C28F202DD8E3450670F4 /* Frameworks */ = {
			isa = PBXGroup;
			children = (
				799CCAB68B18B54E51CD3255 /* Pods_BlueOceanTest.framework */,
			);
			name = Frameworks;
			sourceTree = "<group>";
		};
		BD37A7BE2554169600BADA9F = {
			isa = PBXGroup;
			children = (
				BD37A7C92554169600BADA9F /* BlueOceanTest */,
				BD37A7C82554169600BADA9F /* Products */,
				E0D1527C16E5BEA7ACFCD459 /* Pods */,
				1013C28F202DD8E3450670F4 /* Frameworks */,
			);
			sourceTree = "<group>";
		};
		BD37A7C82554169600BADA9F /* Products */ = {
			isa = PBXGroup;
			children = (
				BD37A7C72554169600BADA9F /* BlueOceanTest.app */,
			);
			name = Products;
			sourceTree = "<group>";
		};
		BD37A7C92554169600BADA9F /* BlueOceanTest */ = {
			isa = PBXGroup;
			children = (
				BD3FEA6725564589009D457F /* UnsplashAPI */,
				BD3FEA6225563CC6009D457F /* Models */,
				BD3FEA8425567E20009D457F /* ViewModels */,
				BDA406592557BACF00CFE5D4 /* CustomViews */,
				BD3FEA89255685E0009D457F /* TableViewCells */,
				BDA406682557C7B000CFE5D4 /* CollectionViewCells */,
				BD3FEA7525564F56009D457F /* Extensions */,
				BDA406542557B62300CFE5D4 /* Etc */,
				BD3FEA7D25567370009D457F /* ViewControllers */,
				BD37A7CA2554169700BADA9F /* AppDelegate.swift */,
				BD37A7CC2554169700BADA9F /* SceneDelegate.swift */,
				BD37A7D02554169700BADA9F /* Main.storyboard */,
				BD37A7D32554169A00BADA9F /* Assets.xcassets */,
				BD37A7D52554169A00BADA9F /* LaunchScreen.storyboard */,
				BD37A7D82554169A00BADA9F /* Info.plist */,
			);
			path = BlueOceanTest;
			sourceTree = "<group>";
		};
		BD3FEA6225563CC6009D457F /* Models */ = {
			isa = PBXGroup;
			children = (
				BD3FEA6325563EAF009D457F /* UnsplashPhotoModel.swift */,
			);
			path = Models;
			sourceTree = "<group>";
		};
		BD3FEA6725564589009D457F /* UnsplashAPI */ = {
			isa = PBXGroup;
			children = (
				BDFDE474255AA81300549D02 /* UnsplashAPI.swift */,
			);
			path = UnsplashAPI;
			sourceTree = "<group>";
		};
		BD3FEA7525564F56009D457F /* Extensions */ = {
			isa = PBXGroup;
			children = (
				BDA406652557C54000CFE5D4 /* String+FirstLetterCapital.swift */,
				BD3FEA7625564FDD009D457F /* UIColor+CustomColor.swift */,
				BDA406722557E4E700CFE5D4 /* UnsplashPhotoViewModel+Configure.swift */,
			);
			path = Extensions;
			sourceTree = "<group>";
		};
		BD3FEA7D25567370009D457F /* ViewControllers */ = {
			isa = PBXGroup;
			children = (
				BD3FEA7E2556738A009D457F /* MainViewController.swift */,
				BDA406622557C1D900CFE5D4 /* SearchViewController.swift */,
			);
			path = ViewControllers;
			sourceTree = "<group>";
		};
		BD3FEA8425567E20009D457F /* ViewModels */ = {
			isa = PBXGroup;
			children = (
				BD3FEA7225564A6E009D457F /* UnsplashPhotoViewModel.swift */,
			);
			path = ViewModels;
			sourceTree = "<group>";
		};
		BD3FEA89255685E0009D457F /* TableViewCells */ = {
			isa = PBXGroup;
			children = (
				BD3FEA8A25568628009D457F /* TableViewCellForUnsplashImage.swift */,
				BD3FEA8B25568628009D457F /* TableViewCellForUnsplashImage.xib */,
			);
			path = TableViewCells;
			sourceTree = "<group>";
		};
		BDA406542557B62300CFE5D4 /* Etc */ = {
			isa = PBXGroup;
			children = (
				BDA406552557B63C00CFE5D4 /* CustomAnimation.swift */,
				BDA4065F2557C02500CFE5D4 /* PanelAnimationController.swift */,
			);
			path = Etc;
			sourceTree = "<group>";
		};
		BDA406592557BACF00CFE5D4 /* CustomViews */ = {
			isa = PBXGroup;
			children = (
				BDA4065A2557BC2800CFE5D4 /* AnimationButton.swift */,
				BDA4066F2557D48000CFE5D4 /* Toast.swift */,
			);
			path = CustomViews;
			sourceTree = "<group>";
		};
		BDA406682557C7B000CFE5D4 /* CollectionViewCells */ = {
			isa = PBXGroup;
			children = (
				BDA406692557C7DD00CFE5D4 /* CollectionViewCellForUnsplashImage.swift */,
				BDA4066A2557C7DD00CFE5D4 /* CollectionViewCellForUnsplashImage.xib */,
			);
			path = CollectionViewCells;
			sourceTree = "<group>";
		};
		E0D1527C16E5BEA7ACFCD459 /* Pods */ = {
			isa = PBXGroup;
			children = (
				A0ED17D65875D1019F8C4C24 /* Pods-BlueOceanTest.debug.xcconfig */,
				D6367F52A9E1F7FC557FB4CD /* Pods-BlueOceanTest.release.xcconfig */,
			);
			path = Pods;
			sourceTree = "<group>";
		};
/* End PBXGroup section */

/* Begin PBXNativeTarget section */
		BD37A7C62554169600BADA9F /* BlueOceanTest */ = {
			isa = PBXNativeTarget;
			buildConfigurationList = BD37A7DB2554169A00BADA9F /* Build configuration list for PBXNativeTarget "BlueOceanTest" */;
			buildPhases = (
				74DB6E0AAE80A9ED5F074009 /* [CP] Check Pods Manifest.lock */,
				BD37A7C32554169600BADA9F /* Sources */,
				BD37A7C42554169600BADA9F /* Frameworks */,
				BD37A7C52554169600BADA9F /* Resources */,
				407DFCE00EF5A40B092AF171 /* [CP] Embed Pods Frameworks */,
			);
			buildRules = (
			);
			dependencies = (
			);
			name = BlueOceanTest;
			productName = BlueOceanTest;
			productReference = BD37A7C72554169600BADA9F /* BlueOceanTest.app */;
			productType = "com.apple.product-type.application";
		};
/* End PBXNativeTarget section */

/* Begin PBXProject section */
		BD37A7BF2554169600BADA9F /* Project object */ = {
			isa = PBXProject;
			attributes = {
				LastSwiftUpdateCheck = 1200;
				LastUpgradeCheck = 1200;
				TargetAttributes = {
					BD37A7C62554169600BADA9F = {
						CreatedOnToolsVersion = 12.0.1;
					};
				};
			};
			buildConfigurationList = BD37A7C22554169600BADA9F /* Build configuration list for PBXProject "BlueOceanTest" */;
			compatibilityVersion = "Xcode 9.3";
			developmentRegion = en;
			hasScannedForEncodings = 0;
			knownRegions = (
				en,
				Base,
			);
			mainGroup = BD37A7BE2554169600BADA9F;
			productRefGroup = BD37A7C82554169600BADA9F /* Products */;
			projectDirPath = "";
			projectRoot = "";
			targets = (
				BD37A7C62554169600BADA9F /* BlueOceanTest */,
			);
		};
/* End PBXProject section */

/* Begin PBXResourcesBuildPhase section */
		BD37A7C52554169600BADA9F /* Resources */ = {
			isa = PBXResourcesBuildPhase;
			buildActionMask = 2147483647;
			files = (
				BDA4066C2557C7DD00CFE5D4 /* CollectionViewCellForUnsplashImage.xib in Resources */,
				BD37A7D72554169A00BADA9F /* LaunchScreen.storyboard in Resources */,
				BD37A7D42554169A00BADA9F /* Assets.xcassets in Resources */,
				BD37A7D22554169700BADA9F /* Main.storyboard in Resources */,
				BD3FEA8D25568628009D457F /* TableViewCellForUnsplashImage.xib in Resources */,
			);
			runOnlyForDeploymentPostprocessing = 0;
		};
/* End PBXResourcesBuildPhase section */

/* Begin PBXShellScriptBuildPhase section */
		407DFCE00EF5A40B092AF171 /* [CP] Embed Pods Frameworks */ = {
			isa = PBXShellScriptBuildPhase;
			buildActionMask = 2147483647;
			files = (
			);
			inputFileListPaths = (
				"${PODS_ROOT}/Target Support Files/Pods-BlueOceanTest/Pods-BlueOceanTest-frameworks-${CONFIGURATION}-input-files.xcfilelist",
			);
			name = "[CP] Embed Pods Frameworks";
			outputFileListPaths = (
				"${PODS_ROOT}/Target Support Files/Pods-BlueOceanTest/Pods-BlueOceanTest-frameworks-${CONFIGURATION}-output-files.xcfilelist",
			);
			runOnlyForDeploymentPostprocessing = 0;
			shellPath = /bin/sh;
			shellScript = "\"${PODS_ROOT}/Target Support Files/Pods-BlueOceanTest/Pods-BlueOceanTest-frameworks.sh\"\n";
			showEnvVarsInLog = 0;
		};
		74DB6E0AAE80A9ED5F074009 /* [CP] Check Pods Manifest.lock */ = {
			isa = PBXShellScriptBuildPhase;
			buildActionMask = 2147483647;
			files = (
			);
			inputFileListPaths = (
			);
			inputPaths = (
				"${PODS_PODFILE_DIR_PATH}/Podfile.lock",
				"${PODS_ROOT}/Manifest.lock",
			);
			name = "[CP] Check Pods Manifest.lock";
			outputFileListPaths = (
			);
			outputPaths = (
				"$(DERIVED_FILE_DIR)/Pods-BlueOceanTest-checkManifestLockResult.txt",
			);
			runOnlyForDeploymentPostprocessing = 0;
			shellPath = /bin/sh;
			shellScript = "diff \"${PODS_PODFILE_DIR_PATH}/Podfile.lock\" \"${PODS_ROOT}/Manifest.lock\" > /dev/null\nif [ $? != 0 ] ; then\n    # print error to STDERR\n    echo \"error: The sandbox is not in sync with the Podfile.lock. Run 'pod install' or update your CocoaPods installation.\" >&2\n    exit 1\nfi\n# This output is used by Xcode 'outputs' to avoid re-running this script phase.\necho \"SUCCESS\" > \"${SCRIPT_OUTPUT_FILE_0}\"\n";
			showEnvVarsInLog = 0;
		};
/* End PBXShellScriptBuildPhase section */

/* Begin PBXSourcesBuildPhase section */
		BD37A7C32554169600BADA9F /* Sources */ = {
			isa = PBXSourcesBuildPhase;
			buildActionMask = 2147483647;
			files = (
				BD37A7CB2554169700BADA9F /* AppDelegate.swift in Sources */,
				BDA406602557C02500CFE5D4 /* PanelAnimationController.swift in Sources */,
				BDA406732557E4E800CFE5D4 /* UnsplashPhotoViewModel+Configure.swift in Sources */,
				BDA4066B2557C7DD00CFE5D4 /* CollectionViewCellForUnsplashImage.swift in Sources */,
				BD3FEA8C25568628009D457F /* TableViewCellForUnsplashImage.swift in Sources */,
				BDFDE475255AA81300549D02 /* UnsplashAPI.swift in Sources */,
				BDA406562557B63C00CFE5D4 /* CustomAnimation.swift in Sources */,
				BD3FEA7725564FDD009D457F /* UIColor+CustomColor.swift in Sources */,
				BDA4065B2557BC2800CFE5D4 /* AnimationButton.swift in Sources */,
				BDA406702557D48000CFE5D4 /* Toast.swift in Sources */,
				BDA406632557C1D900CFE5D4 /* SearchViewController.swift in Sources */,
				BD3FEA6425563EAF009D457F /* UnsplashPhotoModel.swift in Sources */,
				BD37A7CD2554169700BADA9F /* SceneDelegate.swift in Sources */,
				BDA406662557C54000CFE5D4 /* String+FirstLetterCapital.swift in Sources */,
				BD3FEA7325564A6E009D457F /* UnsplashPhotoViewModel.swift in Sources */,
				BD3FEA7F2556738A009D457F /* MainViewController.swift in Sources */,
			);
			runOnlyForDeploymentPostprocessing = 0;
		};
/* End PBXSourcesBuildPhase section */

/* Begin PBXVariantGroup section */
		BD37A7D02554169700BADA9F /* Main.storyboard */ = {
			isa = PBXVariantGroup;
			children = (
				BD37A7D12554169700BADA9F /* Base */,
			);
			name = Main.storyboard;
			sourceTree = "<group>";
		};
		BD37A7D52554169A00BADA9F /* LaunchScreen.storyboard */ = {
			isa = PBXVariantGroup;
			children = (
				BD37A7D62554169A00BADA9F /* Base */,
			);
			name = LaunchScreen.storyboard;
			sourceTree = "<group>";
		};
/* End PBXVariantGroup section */

/* Begin XCBuildConfiguration section */
		BD37A7D92554169A00BADA9F /* Debug */ = {
			isa = XCBuildConfiguration;
			buildSettings = {
				ALWAYS_SEARCH_USER_PATHS = NO;
				CLANG_ANALYZER_NONNULL = YES;
				CLANG_ANALYZER_NUMBER_OBJECT_CONVERSION = YES_AGGRESSIVE;
				CLANG_CXX_LANGUAGE_STANDARD = "gnu++14";
				CLANG_CXX_LIBRARY = "libc++";
				CLANG_ENABLE_MODULES = YES;
				CLANG_ENABLE_OBJC_ARC = YES;
				CLANG_ENABLE_OBJC_WEAK = YES;
				CLANG_WARN_BLOCK_CAPTURE_AUTORELEASING = YES;
				CLANG_WARN_BOOL_CONVERSION = YES;
				CLANG_WARN_COMMA = YES;
				CLANG_WARN_CONSTANT_CONVERSION = YES;
				CLANG_WARN_DEPRECATED_OBJC_IMPLEMENTATIONS = YES;
				CLANG_WARN_DIRECT_OBJC_ISA_USAGE = YES_ERROR;
				CLANG_WARN_DOCUMENTATION_COMMENTS = YES;
				CLANG_WARN_EMPTY_BODY = YES;
				CLANG_WARN_ENUM_CONVERSION = YES;
				CLANG_WARN_INFINITE_RECURSION = YES;
				CLANG_WARN_INT_CONVERSION = YES;
				CLANG_WARN_NON_LITERAL_NULL_CONVERSION = YES;
				CLANG_WARN_OBJC_IMPLICIT_RETAIN_SELF = YES;
				CLANG_WARN_OBJC_LITERAL_CONVERSION = YES;
				CLANG_WARN_OBJC_ROOT_CLASS = YES_ERROR;
				CLANG_WARN_QUOTED_INCLUDE_IN_FRAMEWORK_HEADER = YES;
				CLANG_WARN_RANGE_LOOP_ANALYSIS = YES;
				CLANG_WARN_STRICT_PROTOTYPES = YES;
				CLANG_WARN_SUSPICIOUS_MOVE = YES;
				CLANG_WARN_UNGUARDED_AVAILABILITY = YES_AGGRESSIVE;
				CLANG_WARN_UNREACHABLE_CODE = YES;
				CLANG_WARN__DUPLICATE_METHOD_MATCH = YES;
				COPY_PHASE_STRIP = NO;
				DEBUG_INFORMATION_FORMAT = dwarf;
				ENABLE_STRICT_OBJC_MSGSEND = YES;
				ENABLE_TESTABILITY = YES;
				GCC_C_LANGUAGE_STANDARD = gnu11;
				GCC_DYNAMIC_NO_PIC = NO;
				GCC_NO_COMMON_BLOCKS = YES;
				GCC_OPTIMIZATION_LEVEL = 0;
				GCC_PREPROCESSOR_DEFINITIONS = (
					"DEBUG=1",
					"$(inherited)",
				);
				GCC_WARN_64_TO_32_BIT_CONVERSION = YES;
				GCC_WARN_ABOUT_RETURN_TYPE = YES_ERROR;
				GCC_WARN_UNDECLARED_SELECTOR = YES;
				GCC_WARN_UNINITIALIZED_AUTOS = YES_AGGRESSIVE;
				GCC_WARN_UNUSED_FUNCTION = YES;
				GCC_WARN_UNUSED_VARIABLE = YES;
				IPHONEOS_DEPLOYMENT_TARGET = 13.0;
				MTL_ENABLE_DEBUG_INFO = INCLUDE_SOURCE;
				MTL_FAST_MATH = YES;
				ONLY_ACTIVE_ARCH = YES;
				SDKROOT = iphoneos;
				SWIFT_ACTIVE_COMPILATION_CONDITIONS = DEBUG;
				SWIFT_OPTIMIZATION_LEVEL = "-Onone";
			};
			name = Debug;
		};
		BD37A7DA2554169A00BADA9F /* Release */ = {
			isa = XCBuildConfiguration;
			buildSettings = {
				ALWAYS_SEARCH_USER_PATHS = NO;
				CLANG_ANALYZER_NONNULL = YES;
				CLANG_ANALYZER_NUMBER_OBJECT_CONVERSION = YES_AGGRESSIVE;
				CLANG_CXX_LANGUAGE_STANDARD = "gnu++14";
				CLANG_CXX_LIBRARY = "libc++";
				CLANG_ENABLE_MODULES = YES;
				CLANG_ENABLE_OBJC_ARC = YES;
				CLANG_ENABLE_OBJC_WEAK = YES;
				CLANG_WARN_BLOCK_CAPTURE_AUTORELEASING = YES;
				CLANG_WARN_BOOL_CONVERSION = YES;
				CLANG_WARN_COMMA = YES;
				CLANG_WARN_CONSTANT_CONVERSION = YES;
				CLANG_WARN_DEPRECATED_OBJC_IMPLEMENTATIONS = YES;
				CLANG_WARN_DIRECT_OBJC_ISA_USAGE = YES_ERROR;
				CLANG_WARN_DOCUMENTATION_COMMENTS = YES;
				CLANG_WARN_EMPTY_BODY = YES;
				CLANG_WARN_ENUM_CONVERSION = YES;
				CLANG_WARN_INFINITE_RECURSION = YES;
				CLANG_WARN_INT_CONVERSION = YES;
				CLANG_WARN_NON_LITERAL_NULL_CONVERSION = YES;
				CLANG_WARN_OBJC_IMPLICIT_RETAIN_SELF = YES;
				CLANG_WARN_OBJC_LITERAL_CONVERSION = YES;
				CLANG_WARN_OBJC_ROOT_CLASS = YES_ERROR;
				CLANG_WARN_QUOTED_INCLUDE_IN_FRAMEWORK_HEADER = YES;
				CLANG_WARN_RANGE_LOOP_ANALYSIS = YES;
				CLANG_WARN_STRICT_PROTOTYPES = YES;
				CLANG_WARN_SUSPICIOUS_MOVE = YES;
				CLANG_WARN_UNGUARDED_AVAILABILITY = YES_AGGRESSIVE;
				CLANG_WARN_UNREACHABLE_CODE = YES;
				CLANG_WARN__DUPLICATE_METHOD_MATCH = YES;
				COPY_PHASE_STRIP = NO;
				DEBUG_INFORMATION_FORMAT = "dwarf-with-dsym";
				ENABLE_NS_ASSERTIONS = NO;
				ENABLE_STRICT_OBJC_MSGSEND = YES;
				GCC_C_LANGUAGE_STANDARD = gnu11;
				GCC_NO_COMMON_BLOCKS = YES;
				GCC_WARN_64_TO_32_BIT_CONVERSION = YES;
				GCC_WARN_ABOUT_RETURN_TYPE = YES_ERROR;
				GCC_WARN_UNDECLARED_SELECTOR = YES;
				GCC_WARN_UNINITIALIZED_AUTOS = YES_AGGRESSIVE;
				GCC_WARN_UNUSED_FUNCTION = YES;
				GCC_WARN_UNUSED_VARIABLE = YES;
				IPHONEOS_DEPLOYMENT_TARGET = 13.0;
				MTL_ENABLE_DEBUG_INFO = NO;
				MTL_FAST_MATH = YES;
				SDKROOT = iphoneos;
				SWIFT_COMPILATION_MODE = wholemodule;
				SWIFT_OPTIMIZATION_LEVEL = "-O";
				VALIDATE_PRODUCT = YES;
			};
			name = Release;
		};
		BD37A7DC2554169A00BADA9F /* Debug */ = {
			isa = XCBuildConfiguration;
			baseConfigurationReference = A0ED17D65875D1019F8C4C24 /* Pods-BlueOceanTest.debug.xcconfig */;
			buildSettings = {
				ASSETCATALOG_COMPILER_APPICON_NAME = AppIcon;
				ASSETCATALOG_COMPILER_GLOBAL_ACCENT_COLOR_NAME = AccentColor;
				CODE_SIGN_STYLE = Automatic;
				DEVELOPMENT_TEAM = QVHP5NUEL8;
				INFOPLIST_FILE = BlueOceanTest/Info.plist;
				LD_RUNPATH_SEARCH_PATHS = (
					"$(inherited)",
					"@executable_path/Frameworks",
				);
				PRODUCT_BUNDLE_IDENTIFIER = com.blueocean.BlueOceanTest;
				PRODUCT_NAME = "$(TARGET_NAME)";
				SWIFT_VERSION = 5.0;
				TARGETED_DEVICE_FAMILY = 1;
			};
			name = Debug;
		};
		BD37A7DD2554169A00BADA9F /* Release */ = {
			isa = XCBuildConfiguration;
			baseConfigurationReference = D6367F52A9E1F7FC557FB4CD /* Pods-BlueOceanTest.release.xcconfig */;
			buildSettings = {
				ASSETCATALOG_COMPILER_APPICON_NAME = AppIcon;
				ASSETCATALOG_COMPILER_GLOBAL_ACCENT_COLOR_NAME = AccentColor;
				CODE_SIGN_STYLE = Automatic;
				DEVELOPMENT_TEAM = QVHP5NUEL8;
				INFOPLIST_FILE = BlueOceanTest/Info.plist;
				LD_RUNPATH_SEARCH_PATHS = (
					"$(inherited)",
					"@executable_path/Frameworks",
				);
				PRODUCT_BUNDLE_IDENTIFIER = com.blueocean.BlueOceanTest;
				PRODUCT_NAME = "$(TARGET_NAME)";
				SWIFT_VERSION = 5.0;
				TARGETED_DEVICE_FAMILY = 1;
			};
			name = Release;
		};
/* End XCBuildConfiguration section */

/* Begin XCConfigurationList section */
		BD37A7C22554169600BADA9F /* Build configuration list for PBXProject "BlueOceanTest" */ = {
			isa = XCConfigurationList;
			buildConfigurations = (
				BD37A7D92554169A00BADA9F /* Debug */,
				BD37A7DA2554169A00BADA9F /* Release */,
			);
			defaultConfigurationIsVisible = 0;
			defaultConfigurationName = Release;
		};
		BD37A7DB2554169A00BADA9F /* Build configuration list for PBXNativeTarget "BlueOceanTest" */ = {
			isa = XCConfigurationList;
			buildConfigurations = (
				BD37A7DC2554169A00BADA9F /* Debug */,
				BD37A7DD2554169A00BADA9F /* Release */,
			);
			defaultConfigurationIsVisible = 0;
			defaultConfigurationName = Release;
		};
/* End XCConfigurationList section */
	};
	rootObject = BD37A7BF2554169600BADA9F /* Project object */;
}
